
Microsoft Visual Studio Solution File, Format Version 12.00
# Visual Studio Version 16
VisualStudioVersion = 25.0.1706.9
MinimumVisualStudioVersion = 10.0.40219.1
Project("{FAE04EC0-301F-11D3-BF4B-00C04F79EFBC}") = "OrientationExample.Android", "OrientationExample\OrientationExample.Android\OrientationExample.Android.csproj", "{1FC39641-5A32-4D9D-AB2B-602B426040C0}"
EndProject
Project("{FAE04EC0-301F-11D3-BF4B-00C04F79EFBC}") = "OrientationExample.iOS", "OrientationExample\OrientationExample.iOS\OrientationExample.iOS.csproj", "{A8E6AEB3-E96E-4C82-84A4-6EC4695FA5F3}"
EndProject
Project("{FAE04EC0-301F-11D3-BF4B-00C04F79EFBC}") = "OrientationExample", "OrientationExample\OrientationExample\OrientationExample.csproj", "{862C1D74-0DCE-4B01-BBC2-7F743C53ECD0}"
EndProject
Global
	GlobalSection(SolutionConfigurationPlatforms) = preSolution
		Debug|Any CPU = Debug|Any CPU
		Release|Any CPU = Release|Any CPU
		Debug|iPhoneSimulator = Debug|iPhoneSimulator
		Release|iPhoneSimulator = Release|iPhoneSimulator
		Debug|iPhone = Debug|iPhone
		Release|iPhone = Release|iPhone
	EndGlobalSection
	GlobalSection(ProjectConfigurationPlatforms) = postSolution
		{1FC39641-5A32-4D9D-AB2B-602B426040C0}.Debug|Any CPU.ActiveCfg = Debug|Any CPU
		{1FC39641-5A32-4D9D-AB2B-602B426040C0}.Debug|Any CPU.Build.0 = Debug|Any CPU
		{1FC39641-5A32-4D9D-AB2B-602B426040C0}.Release|Any CPU.ActiveCfg = Release|Any CPU
		{1FC39641-5A32-4D9D-AB2B-602B426040C0}.Release|Any CPU.Build.0 = Release|Any CPU
		{1FC39641-5A32-4D9D-AB2B-602B426040C0}.Debug|iPhoneSimulator.ActiveCfg = Debug|Any CPU
		{1FC39641-5A32-4D9D-AB2B-602B426040C0}.Debug|iPhoneSimulator.Build.0 = Debug|Any CPU
		{1FC39641-5A32-4D9D-AB2B-602B426040C0}.Release|iPhoneSimulator.ActiveCfg = Release|Any CPU
		{1FC39641-5A32-4D9D-AB2B-602B426040C0}.Release|iPhoneSimulator.Build.0 = Release|Any CPU
		{1FC39641-5A32-4D9D-AB2B-602B426040C0}.Debug|iPhone.ActiveCfg = Debug|Any CPU
		{1FC39641-5A32-4D9D-AB2B-602B426040C0}.Debug|iPhone.Build.0 = Debug|Any CPU
		{1FC39641-5A32-4D9D-AB2B-602B426040C0}.Release|iPhone.ActiveCfg = Release|Any CPU
		{1FC39641-5A32-4D9D-AB2B-602B426040C0}.Release|iPhone.Build.0 = Release|Any CPU
		{A8E6AEB3-E96E-4C82-84A4-6EC4695FA5F3}.Debug|Any CPU.ActiveCfg = Debug|iPhoneSimulator
		{A8E6AEB3-E96E-4C82-84A4-6EC4695FA5F3}.Debug|Any CPU.Build.0 = Debug|iPhoneSimulator
		{A8E6AEB3-E96E-4C82-84A4-6EC4695FA5F3}.Release|Any CPU.ActiveCfg = Release|iPhoneSimulator
		{A8E6AEB3-E96E-4C82-84A4-6EC4695FA5F3}.Release|Any CPU.Build.0 = Release|iPhoneSimulator
		{A8E6AEB3-E96E-4C82-84A4-6EC4695FA5F3}.Debug|iPhoneSimulator.ActiveCfg = Debug|iPhoneSimulator
		{A8E6AEB3-E96E-4C82-84A4-6EC4695FA5F3}.Debug|iPhoneSimulator.Build.0 = Debug|iPhoneSimulator
		{A8E6AEB3-E96E-4C82-84A4-6EC4695FA5F3}.Release|iPhoneSimulator.ActiveCfg = Release|iPhoneSimulator
		{A8E6AEB3-E96E-4C82-84A4-6EC4695FA5F3}.Release|iPhoneSimulator.Build.0 = Release|iPhoneSimulator
		{A8E6AEB3-E96E-4C82-84A4-6EC4695FA5F3}.Debug|iPhone.ActiveCfg = Debug|iPhone
		{A8E6AEB3-E96E-4C82-84A4-6EC4695FA5F3}.Debug|iPhone.Build.0 = Debug|iPhone
		{A8E6AEB3-E96E-4C82-84A4-6EC4695FA5F3}.Release|iPhone.ActiveCfg = Release|iPhone
		{A8E6AEB3-E96E-4C82-84A4-6EC4695FA5F3}.Release|iPhone.Build.0 = Release|iPhone
		{862C1D74-0DCE-4B01-BBC2-7F743C53ECD0}.Debug|Any CPU.ActiveCfg = Debug|Any CPU
		{862C1D74-0DCE-4B01-BBC2-7F743C53ECD0}.Debug|Any CPU.Build.0 = Debug|Any CPU
		{862C1D74-0DCE-4B01-BBC2-7F743C53ECD0}.Release|Any CPU.ActiveCfg = Release|Any CPU
		{862C1D74-0DCE-4B01-BBC2-7F743C53ECD0}.Release|Any CPU.Build.0 = Release|Any CPU
		{862C1D74-0DCE-4B01-BBC2-7F743C53ECD0}.Debug|iPhoneSimulator.ActiveCfg = Debug|Any CPU
		{862C1D74-0DCE-4B01-BBC2-7F743C53ECD0}.Debug|iPhoneSimulator.Build.0 = Debug|Any CPU
		{862C1D74-0DCE-4B01-BBC2-7F743C53ECD0}.Release|iPhoneSimulator.ActiveCfg = Release|Any CPU
		{862C1D74-0DCE-4B01-BBC2-7F743C53ECD0}.Release|iPhoneSimulator.Build.0 = Release|Any CPU
		{862C1D74-0DCE-4B01-BBC2-7F743C53ECD0}.Debug|iPhone.ActiveCfg = Debug|Any CPU
		{862C1D74-0DCE-4B01-BBC2-7F743C53ECD0}.Debug|iPhone.Build.0 = Debug|Any CPU
		{862C1D74-0DCE-4B01-BBC2-7F743C53ECD0}.Release|iPhone.ActiveCfg = Release|Any CPU
		{862C1D74-0DCE-4B01-BBC2-7F743C53ECD0}.Release|iPhone.Build.0 = Release|Any CPU
	EndGlobalSection
	GlobalSection(SolutionProperties) = preSolution
		HideSolutionNode = FALSE
	EndGlobalSection
	GlobalSection(ExtensibilityGlobals) = postSolution
		SolutionGuid = {5B46FEEF-A6D4-473A-A9EE-048F919C7D1F}
	EndGlobalSection
EndGlobal
